// !$*UTF8*$!
{
	archiveVersion = 1;
	classes = {
	};
	objectVersion = 56;
	objects = {

/* Begin PBXBuildFile section */
		E573E57E2C29050500F6F06F /* AppDelegate.swift in Sources */ = {isa = PBXBuildFile; fileRef = E573E57D2C29050500F6F06F /* AppDelegate.swift */; };
		E573E5802C29050500F6F06F /* SceneDelegate.swift in Sources */ = {isa = PBXBuildFile; fileRef = E573E57F2C29050500F6F06F /* SceneDelegate.swift */; };
		E573E5822C29050500F6F06F /* ViewController.swift in Sources */ = {isa = PBXBuildFile; fileRef = E573E5812C29050500F6F06F /* ViewController.swift */; };
		E573E5872C29050800F6F06F /* Assets.xcassets in Resources */ = {isa = PBXBuildFile; fileRef = E573E5862C29050800F6F06F /* Assets.xcassets */; };
		E573E58A2C29050800F6F06F /* Base in Resources */ = {isa = PBXBuildFile; fileRef = E573E5892C29050800F6F06F /* Base */; };
		E573E5932C2905EC00F6F06F /* SnapKit in Frameworks */ = {isa = PBXBuildFile; productRef = E573E5922C2905EC00F6F06F /* SnapKit */; };
		E577C94C2C2A881A0028DE24 /* UIComponents.swift in Sources */ = {isa = PBXBuildFile; fileRef = E577C94B2C2A881A0028DE24 /* UIComponents.swift */; };
		E577C94E2C2A88770028DE24 /* Extensions.swift in Sources */ = {isa = PBXBuildFile; fileRef = E577C94D2C2A88770028DE24 /* Extensions.swift */; };
		E577C9502C2A88AB0028DE24 /* ButtonHandlers.swift in Sources */ = {isa = PBXBuildFile; fileRef = E577C94F2C2A88AB0028DE24 /* ButtonHandlers.swift */; };
/* End PBXBuildFile section */

/* Begin PBXFileReference section */
		E573E57A2C29050500F6F06F /* Calculator_codebaseUI.app */ = {isa = PBXFileReference; explicitFileType = wrapper.application; includeInIndex = 0; path = Calculator_codebaseUI.app; sourceTree = BUILT_PRODUCTS_DIR; };
		E573E57D2C29050500F6F06F /* AppDelegate.swift */ = {isa = PBXFileReference; lastKnownFileType = sourcecode.swift; path = AppDelegate.swift; sourceTree = "<group>"; };
		E573E57F2C29050500F6F06F /* SceneDelegate.swift */ = {isa = PBXFileReference; lastKnownFileType = sourcecode.swift; path = SceneDelegate.swift; sourceTree = "<group>"; };
		E573E5812C29050500F6F06F /* ViewController.swift */ = {isa = PBXFileReference; lastKnownFileType = sourcecode.swift; path = ViewController.swift; sourceTree = "<group>"; };
		E573E5862C29050800F6F06F /* Assets.xcassets */ = {isa = PBXFileReference; lastKnownFileType = folder.assetcatalog; path = Assets.xcassets; sourceTree = "<group>"; };
		E573E5892C29050800F6F06F /* Base */ = {isa = PBXFileReference; lastKnownFileType = file.storyboard; name = Base; path = Base.lproj/LaunchScreen.storyboard; sourceTree = "<group>"; };
		E573E58B2C29050800F6F06F /* Info.plist */ = {isa = PBXFileReference; lastKnownFileType = text.plist.xml; path = Info.plist; sourceTree = "<group>"; };
		E577C94B2C2A881A0028DE24 /* UIComponents.swift */ = {isa = PBXFileReference; lastKnownFileType = sourcecode.swift; path = UIComponents.swift; sourceTree = "<group>"; };
		E577C94D2C2A88770028DE24 /* Extensions.swift */ = {isa = PBXFileReference; lastKnownFileType = sourcecode.swift; path = Extensions.swift; sourceTree = "<group>"; };
		E577C94F2C2A88AB0028DE24 /* ButtonHandlers.swift */ = {isa = PBXFileReference; lastKnownFileType = sourcecode.swift; path = ButtonHandlers.swift; sourceTree = "<group>"; };
/* End PBXFileReference section */

/* Begin PBXFrameworksBuildPhase section */
		E573E5772C29050500F6F06F /* Frameworks */ = {
			isa = PBXFrameworksBuildPhase;
			buildActionMask = 2147483647;
			files = (
				E573E5932C2905EC00F6F06F /* SnapKit in Frameworks */,
			);
			runOnlyForDeploymentPostprocessing = 0;
		};
/* End PBXFrameworksBuildPhase section */

/* Begin PBXGroup section */
		E573E5712C29050500F6F06F = {
			isa = PBXGroup;
			children = (
				E573E57C2C29050500F6F06F /* Calculator_codebaseUI */,
				E573E57B2C29050500F6F06F /* Products */,
			);
			sourceTree = "<group>";
		};
		E573E57B2C29050500F6F06F /* Products */ = {
			isa = PBXGroup;
			children = (
				E573E57A2C29050500F6F06F /* Calculator_codebaseUI.app */,
			);
			name = Products;
			sourceTree = "<group>";
		};
		E573E57C2C29050500F6F06F /* Calculator_codebaseUI */ = {
			isa = PBXGroup;
			children = (
				E573E57D2C29050500F6F06F /* AppDelegate.swift */,
				E573E57F2C29050500F6F06F /* SceneDelegate.swift */,
				E573E5812C29050500F6F06F /* ViewController.swift */,
				E577C94F2C2A88AB0028DE24 /* ButtonHandlers.swift */,
				E577C94D2C2A88770028DE24 /* Extensions.swift */,
				E577C94B2C2A881A0028DE24 /* UIComponents.swift */,
				E573E5862C29050800F6F06F /* Assets.xcassets */,
				E573E5882C29050800F6F06F /* LaunchScreen.storyboard */,
				E573E58B2C29050800F6F06F /* Info.plist */,
			);
			path = Calculator_codebaseUI;
			sourceTree = "<group>";
		};
/* End PBXGroup section */

/* Begin PBXNativeTarget section */
		E573E5792C29050500F6F06F /* Calculator_codebaseUI */ = {
			isa = PBXNativeTarget;
			buildConfigurationList = E573E58E2C29050800F6F06F /* Build configuration list for PBXNativeTarget "Calculator_codebaseUI" */;
			buildPhases = (
				E573E5762C29050500F6F06F /* Sources */,
				E573E5772C29050500F6F06F /* Frameworks */,
				E573E5782C29050500F6F06F /* Resources */,
			);
			buildRules = (
			);
			dependencies = (
			);
			name = Calculator_codebaseUI;
			packageProductDependencies = (
				E573E5922C2905EC00F6F06F /* SnapKit */,
			);
			productName = Calculator_codebaseUI;
			productReference = E573E57A2C29050500F6F06F /* Calculator_codebaseUI.app */;
			productType = "com.apple.product-type.application";
		};
/* End PBXNativeTarget section */

/* Begin PBXProject section */
		E573E5722C29050500F6F06F /* Project object */ = {
			isa = PBXProject;
			attributes = {
				BuildIndependentTargetsInParallel = 1;
				LastSwiftUpdateCheck = 1530;
				LastUpgradeCheck = 1530;
				TargetAttributes = {
					E573E5792C29050500F6F06F = {
						CreatedOnToolsVersion = 15.3;
					};
				};
			};
			buildConfigurationList = E573E5752C29050500F6F06F /* Build configuration list for PBXProject "Calculator_codebaseUI" */;
			compatibilityVersion = "Xcode 14.0";
			developmentRegion = en;
			hasScannedForEncodings = 0;
			knownRegions = (
				en,
				Base,
			);
			mainGroup = E573E5712C29050500F6F06F;
			packageReferences = (
				E573E5912C2905EC00F6F06F /* XCRemoteSwiftPackageReference "SnapKit" */,
			);
			productRefGroup = E573E57B2C29050500F6F06F /* Products */;
			projectDirPath = "";
			projectRoot = "";
			targets = (
				E573E5792C29050500F6F06F /* Calculator_codebaseUI */,
			);
		};
/* End PBXProject section */

/* Begin PBXResourcesBuildPhase section */
		E573E5782C29050500F6F06F /* Resources */ = {
			isa = PBXResourcesBuildPhase;
			buildActionMask = 2147483647;
			files = (
				E573E5872C29050800F6F06F /* Assets.xcassets in Resources */,
				E573E58A2C29050800F6F06F /* Base in Resources */,
			);
			runOnlyForDeploymentPostprocessing = 0;
		};
/* End PBXResourcesBuildPhase section */

/* Begin PBXSourcesBuildPhase section */
		E573E5762C29050500F6F06F /* Sources */ = {
			isa = PBXSourcesBuildPhase;
			buildActionMask = 2147483647;
			files = (
				E577C94E2C2A88770028DE24 /* Extensions.swift in Sources */,
				E573E5822C29050500F6F06F /* ViewController.swift in Sources */,
				E577C94C2C2A881A0028DE24 /* UIComponents.swift in Sources */,
				E573E57E2C29050500F6F06F /* AppDelegate.swift in Sources */,
				E577C9502C2A88AB0028DE24 /* ButtonHandlers.swift in Sources */,
				E573E5802C29050500F6F06F /* SceneDelegate.swift in Sources */,
			);
			runOnlyForDeploymentPostprocessing = 0;
		};
/* End PBXSourcesBuildPhase section */

/* Begin PBXVariantGroup section */
		E573E5882C29050800F6F06F /* LaunchScreen.storyboard */ = {
			isa = PBXVariantGroup;
			children = (
				E573E5892C29050800F6F06F /* Base */,
			);
			name = LaunchScreen.storyboard;
			sourceTree = "<group>";
		};
/* End PBXVariantGroup section */

/* Begin XCBuildConfiguration section */
		E573E58C2C29050800F6F06F /* Debug */ = {
			isa = XCBuildConfiguration;
			buildSettings = {
				ALWAYS_SEARCH_USER_PATHS = NO;
				ASSETCATALOG_COMPILER_GENERATE_SWIFT_ASSET_SYMBOL_EXTENSIONS = YES;
				CLANG_ANALYZER_NONNULL = YES;
				CLANG_ANALYZER_NUMBER_OBJECT_CONVERSION = YES_AGGRESSIVE;
				CLANG_CXX_LANGUAGE_STANDARD = "gnu++20";
				CLANG_ENABLE_MODULES = YES;
				CLANG_ENABLE_OBJC_ARC = YES;
				CLANG_ENABLE_OBJC_WEAK = YES;
				CLANG_WARN_BLOCK_CAPTURE_AUTORELEASING = YES;
				CLANG_WARN_BOOL_CONVERSION = YES;
				CLANG_WARN_COMMA = YES;
				CLANG_WARN_CONSTANT_CONVERSION = YES;
				CLANG_WARN_DEPRECATED_OBJC_IMPLEMENTATIONS = YES;
				CLANG_WARN_DIRECT_OBJC_ISA_USAGE = YES_ERROR;
				CLANG_WARN_DOCUMENTATION_COMMENTS = YES;
				CLANG_WARN_EMPTY_BODY = YES;
				CLANG_WARN_ENUM_CONVERSION = YES;
				CLANG_WARN_INFINITE_RECURSION = YES;
				CLANG_WARN_INT_CONVERSION = YES;
				CLANG_WARN_NON_LITERAL_NULL_CONVERSION = YES;
				CLANG_WARN_OBJC_IMPLICIT_RETAIN_SELF = YES;
				CLANG_WARN_OBJC_LITERAL_CONVERSION = YES;
				CLANG_WARN_OBJC_ROOT_CLASS = YES_ERROR;
				CLANG_WARN_QUOTED_INCLUDE_IN_FRAMEWORK_HEADER = YES;
				CLANG_WARN_RANGE_LOOP_ANALYSIS = YES;
				CLANG_WARN_STRICT_PROTOTYPES = YES;
				CLANG_WARN_SUSPICIOUS_MOVE = YES;
				CLANG_WARN_UNGUARDED_AVAILABILITY = YES_AGGRESSIVE;
				CLANG_WARN_UNREACHABLE_CODE = YES;
				CLANG_WARN__DUPLICATE_METHOD_MATCH = YES;
				COPY_PHASE_STRIP = NO;
				DEBUG_INFORMATION_FORMAT = dwarf;
				ENABLE_STRICT_OBJC_MSGSEND = YES;
				ENABLE_TESTABILITY = YES;
				ENABLE_USER_SCRIPT_SANDBOXING = YES;
				GCC_C_LANGUAGE_STANDARD = gnu17;
				GCC_DYNAMIC_NO_PIC = NO;
				GCC_NO_COMMON_BLOCKS = YES;
				GCC_OPTIMIZATION_LEVEL = 0;
				GCC_PREPROCESSOR_DEFINITIONS = (
					"DEBUG=1",
					"$(inherited)",
				);
				GCC_WARN_64_TO_32_BIT_CONVERSION = YES;
				GCC_WARN_ABOUT_RETURN_TYPE = YES_ERROR;
				GCC_WARN_UNDECLARED_SELECTOR = YES;
				GCC_WARN_UNINITIALIZED_AUTOS = YES_AGGRESSIVE;
				GCC_WARN_UNUSED_FUNCTION = YES;
				GCC_WARN_UNUSED_VARIABLE = YES;
				IPHONEOS_DEPLOYMENT_TARGET = 17.4;
				LOCALIZATION_PREFERS_STRING_CATALOGS = YES;
				MTL_ENABLE_DEBUG_INFO = INCLUDE_SOURCE;
				MTL_FAST_MATH = YES;
				ONLY_ACTIVE_ARCH = YES;
				SDKROOT = iphoneos;
				SWIFT_ACTIVE_COMPILATION_CONDITIONS = "DEBUG $(inherited)";
				SWIFT_OPTIMIZATION_LEVEL = "-Onone";
			};
			name = Debug;
		};
		E573E58D2C29050800F6F06F /* Release */ = {
			isa = XCBuildConfiguration;
			buildSettings = {
				ALWAYS_SEARCH_USER_PATHS = NO;
				ASSETCATALOG_COMPILER_GENERATE_SWIFT_ASSET_SYMBOL_EXTENSIONS = YES;
				CLANG_ANALYZER_NONNULL = YES;
				CLANG_ANALYZER_NUMBER_OBJECT_CONVERSION = YES_AGGRESSIVE;
				CLANG_CXX_LANGUAGE_STANDARD = "gnu++20";
				CLANG_ENABLE_MODULES = YES;
				CLANG_ENABLE_OBJC_ARC = YES;
				CLANG_ENABLE_OBJC_WEAK = YES;
				CLANG_WARN_BLOCK_CAPTURE_AUTORELEASING = YES;
				CLANG_WARN_BOOL_CONVERSION = YES;
				CLANG_WARN_COMMA = YES;
				CLANG_WARN_CONSTANT_CONVERSION = YES;
				CLANG_WARN_DEPRECATED_OBJC_IMPLEMENTATIONS = YES;
				CLANG_WARN_DIRECT_OBJC_ISA_USAGE = YES_ERROR;
				CLANG_WARN_DOCUMENTATION_COMMENTS = YES;
				CLANG_WARN_EMPTY_BODY = YES;
				CLANG_WARN_ENUM_CONVERSION = YES;
				CLANG_WARN_INFINITE_RECURSION = YES;
				CLANG_WARN_INT_CONVERSION = YES;
				CLANG_WARN_NON_LITERAL_NULL_CONVERSION = YES;
				CLANG_WARN_OBJC_IMPLICIT_RETAIN_SELF = YES;
				CLANG_WARN_OBJC_LITERAL_CONVERSION = YES;
				CLANG_WARN_OBJC_ROOT_CLASS = YES_ERROR;
				CLANG_WARN_QUOTED_INCLUDE_IN_FRAMEWORK_HEADER = YES;
				CLANG_WARN_RANGE_LOOP_ANALYSIS = YES;
				CLANG_WARN_STRICT_PROTOTYPES = YES;
				CLANG_WARN_SUSPICIOUS_MOVE = YES;
				CLANG_WARN_UNGUARDED_AVAILABILITY = YES_AGGRESSIVE;
				CLANG_WARN_UNREACHABLE_CODE = YES;
				CLANG_WARN__DUPLICATE_METHOD_MATCH = YES;
				COPY_PHASE_STRIP = NO;
				DEBUG_INFORMATION_FORMAT = "dwarf-with-dsym";
				ENABLE_NS_ASSERTIONS = NO;
				ENABLE_STRICT_OBJC_MSGSEND = YES;
				ENABLE_USER_SCRIPT_SANDBOXING = YES;
				GCC_C_LANGUAGE_STANDARD = gnu17;
				GCC_NO_COMMON_BLOCKS = YES;
				GCC_WARN_64_TO_32_BIT_CONVERSION = YES;
				GCC_WARN_ABOUT_RETURN_TYPE = YES_ERROR;
				GCC_WARN_UNDECLARED_SELECTOR = YES;
				GCC_WARN_UNINITIALIZED_AUTOS = YES_AGGRESSIVE;
				GCC_WARN_UNUSED_FUNCTION = YES;
				GCC_WARN_UNUSED_VARIABLE = YES;
				IPHONEOS_DEPLOYMENT_TARGET = 17.4;
				LOCALIZATION_PREFERS_STRING_CATALOGS = YES;
				MTL_ENABLE_DEBUG_INFO = NO;
				MTL_FAST_MATH = YES;
				SDKROOT = iphoneos;
				SWIFT_COMPILATION_MODE = wholemodule;
				VALIDATE_PRODUCT = YES;
			};
			name = Release;
		};
		E573E58F2C29050800F6F06F /* Debug */ = {
			isa = XCBuildConfiguration;
			buildSettings = {
				ASSETCATALOG_COMPILER_APPICON_NAME = AppIcon;
				ASSETCATALOG_COMPILER_GLOBAL_ACCENT_COLOR_NAME = AccentColor;
				CODE_SIGN_STYLE = Automatic;
				CURRENT_PROJECT_VERSION = 1;
				DEVELOPMENT_TEAM = BU22P24JX7;
				GENERATE_INFOPLIST_FILE = YES;
				INFOPLIST_FILE = Calculator_codebaseUI/Info.plist;
				INFOPLIST_KEY_UIApplicationSupportsIndirectInputEvents = YES;
				INFOPLIST_KEY_UILaunchStoryboardName = LaunchScreen;
				INFOPLIST_KEY_UISupportedInterfaceOrientations_iPad = "UIInterfaceOrientationPortrait UIInterfaceOrientationPortraitUpsideDown UIInterfaceOrientationLandscapeLeft UIInterfaceOrientationLandscapeRight";
				INFOPLIST_KEY_UISupportedInterfaceOrientations_iPhone = "UIInterfaceOrientationPortrait UIInterfaceOrientationLandscapeLeft UIInterfaceOrientationLandscapeRight";
				LD_RUNPATH_SEARCH_PATHS = (
					"$(inherited)",
					"@executable_path/Frameworks",
				);
				MARKETING_VERSION = 1.0;
				PRODUCT_BUNDLE_IDENTIFIER = "co.mmmm.Calculator-codebaseUI";
				PRODUCT_NAME = "$(TARGET_NAME)";
				SWIFT_EMIT_LOC_STRINGS = YES;
				SWIFT_VERSION = 5.0;
				TARGETED_DEVICE_FAMILY = "1,2";
			};
			name = Debug;
		};
		E573E5902C29050800F6F06F /* Release */ = {
			isa = XCBuildConfiguration;
			buildSettings = {
				ASSETCATALOG_COMPILER_APPICON_NAME = AppIcon;
				ASSETCATALOG_COMPILER_GLOBAL_ACCENT_COLOR_NAME = AccentColor;
				CODE_SIGN_STYLE = Automatic;
				CURRENT_PROJECT_VERSION = 1;
				DEVELOPMENT_TEAM = BU22P24JX7;
				GENERATE_INFOPLIST_FILE = YES;
				INFOPLIST_FILE = Calculator_codebaseUI/Info.plist;
				INFOPLIST_KEY_UIApplicationSupportsIndirectInputEvents = YES;
				INFOPLIST_KEY_UILaunchStoryboardName = LaunchScreen;
				INFOPLIST_KEY_UISupportedInterfaceOrientations_iPad = "UIInterfaceOrientationPortrait UIInterfaceOrientationPortraitUpsideDown UIInterfaceOrientationLandscapeLeft UIInterfaceOrientationLandscapeRight";
				INFOPLIST_KEY_UISupportedInterfaceOrientations_iPhone = "UIInterfaceOrientationPortrait UIInterfaceOrientationLandscapeLeft UIInterfaceOrientationLandscapeRight";
				LD_RUNPATH_SEARCH_PATHS = (
					"$(inherited)",
					"@executable_path/Frameworks",
				);
				MARKETING_VERSION = 1.0;
				PRODUCT_BUNDLE_IDENTIFIER = "co.mmmm.Calculator-codebaseUI";
				PRODUCT_NAME = "$(TARGET_NAME)";
				SWIFT_EMIT_LOC_STRINGS = YES;
				SWIFT_VERSION = 5.0;
				TARGETED_DEVICE_FAMILY = "1,2";
			};
			name = Release;
		};
/* End XCBuildConfiguration section */

/* Begin XCConfigurationList section */
		E573E5752C29050500F6F06F /* Build configuration list for PBXProject "Calculator_codebaseUI" */ = {
			isa = XCConfigurationList;
			buildConfigurations = (
				E573E58C2C29050800F6F06F /* Debug */,
				E573E58D2C29050800F6F06F /* Release */,
			);
			defaultConfigurationIsVisible = 0;
			defaultConfigurationName = Release;
		};
		E573E58E2C29050800F6F06F /* Build configuration list for PBXNativeTarget "Calculator_codebaseUI" */ = {
			isa = XCConfigurationList;
			buildConfigurations = (
				E573E58F2C29050800F6F06F /* Debug */,
				E573E5902C29050800F6F06F /* Release */,
			);
			defaultConfigurationIsVisible = 0;
			defaultConfigurationName = Release;
		};
/* End XCConfigurationList section */

/* Begin XCRemoteSwiftPackageReference section */
		E573E5912C2905EC00F6F06F /* XCRemoteSwiftPackageReference "SnapKit" */ = {
			isa = XCRemoteSwiftPackageReference;
			repositoryURL = "https://github.com/SnapKit/SnapKit.git";
			requirement = {
				kind = upToNextMajorVersion;
				minimumVersion = 5.7.1;
			};
		};
/* End XCRemoteSwiftPackageReference section */

/* Begin XCSwiftPackageProductDependency section */
		E573E5922C2905EC00F6F06F /* SnapKit */ = {
			isa = XCSwiftPackageProductDependency;
			package = E573E5912C2905EC00F6F06F /* XCRemoteSwiftPackageReference "SnapKit" */;
			productName = SnapKit;
		};
/* End XCSwiftPackageProductDependency section */
	};
	rootObject = E573E5722C29050500F6F06F /* Project object */;
}
